
Microsoft Visual Studio Solution File, Format Version 12.00
# Visual Studio Version 16
VisualStudioVersion = 16.0.30320.27
MinimumVisualStudioVersion = 10.0.40219.1
Project("{FAE04EC0-301F-11D3-BF4B-00C04F79EFBC}") = "OpenRPA.PMTech.SSH", "SSHActivity\OpenRPA.PMTech.SSH.csproj", "{07B8CF19-7AF4-4614-A2AF-F8C26D336B41}"
EndProject
Project("{FAE04EC0-301F-11D3-BF4B-00C04F79EFBC}") = "SSHActivityTest", "SSHActivityTest\SSHActivityTest.csproj", "{14CC5FA8-4BAD-44E6-840F-25769886A11C}"
EndProject
Global
	GlobalSection(SolutionConfigurationPlatforms) = preSolution
		Debug|Any CPU = Debug|Any CPU
		Release|Any CPU = Release|Any CPU
	EndGlobalSection
	GlobalSection(ProjectConfigurationPlatforms) = postSolution
		{07B8CF19-7AF4-4614-A2AF-F8C26D336B41}.Debug|Any CPU.ActiveCfg = Debug|Any CPU
		{07B8CF19-7AF4-4614-A2AF-F8C26D336B41}.Debug|Any CPU.Build.0 = Debug|Any CPU
		{07B8CF19-7AF4-4614-A2AF-F8C26D336B41}.Release|Any CPU.ActiveCfg = Release|Any CPU
		{07B8CF19-7AF4-4614-A2AF-F8C26D336B41}.Release|Any CPU.Build.0 = Release|Any CPU
		{14CC5FA8-4BAD-44E6-840F-25769886A11C}.Debug|Any CPU.ActiveCfg = Debug|Any CPU
		{14CC5FA8-4BAD-44E6-840F-25769886A11C}.Debug|Any CPU.Build.0 = Debug|Any CPU
		{14CC5FA8-4BAD-44E6-840F-25769886A11C}.Release|Any CPU.ActiveCfg = Release|Any CPU
		{14CC5FA8-4BAD-44E6-840F-25769886A11C}.Release|Any CPU.Build.0 = Release|Any CPU
	EndGlobalSection
	GlobalSection(SolutionProperties) = preSolution
		HideSolutionNode = FALSE
	EndGlobalSection
	GlobalSection(ExtensibilityGlobals) = postSolution
		SolutionGuid = {4BA5FDB1-21D1-4C75-B272-E845B70DDB69}
	EndGlobalSection
EndGlobal
